
Microsoft Visual Studio Solution File, Format Version 12.00
# Visual Studio Version 16
VisualStudioVersion = 16.0.28803.452
MinimumVisualStudioVersion = 10.0.40219.1
Project("{FAE04EC0-301F-11D3-BF4B-00C04F79EFBC}") = "Counter", "Counter.csproj", "{D5B236FE-FDC1-4C87-946E-AF988D0315A3}"
EndProject
Global
	GlobalSection(SolutionConfigurationPlatforms) = preSolution
		Debug|Any CPU = Debug|Any CPU
		Release|Any CPU = Release|Any CPU
	EndGlobalSection
	GlobalSection(ProjectConfigurationPlatforms) = postSolution
		{D5B236FE-FDC1-4C87-946E-AF988D0315A3}.Debug|Any CPU.ActiveCfg = Debug|Any CPU
		{D5B236FE-FDC1-4C87-946E-AF988D0315A3}.Debug|Any CPU.Build.0 = Debug|Any CPU
		{D5B236FE-FDC1-4C87-946E-AF988D0315A3}.Release|Any CPU.ActiveCfg = Release|Any CPU
		{D5B236FE-FDC1-4C87-946E-AF988D0315A3}.Release|Any CPU.Build.0 = Release|Any CPU
	EndGlobalSection
	GlobalSection(SolutionProperties) = preSolution
		HideSolutionNode = FALSE
	EndGlobalSection
	GlobalSection(ExtensibilityGlobals) = postSolution
		SolutionGuid = {08361190-5D1A-479B-91FA-BFD3F7F47382}
	EndGlobalSection
EndGlobal
